
Microsoft Visual Studio Solution File, Format Version 12.00
# Visual Studio Version 17
VisualStudioVersion = 17.0.31717.71
MinimumVisualStudioVersion = 10.0.40219.1
Project("{9A19103F-16F7-4668-BE54-9A1E7A4F7556}") = "Application", "Application\Application.csproj", "{31F5A380-A636-4375-B6BD-CB68257EAF1E}"
EndProject
Project("{9A19103F-16F7-4668-BE54-9A1E7A4F7556}") = "Domain", "Domain\Domain.csproj", "{FB3CF7D0-CEC9-4C9F-BF29-ECA8E93DCC89}"
EndProject
Project("{9A19103F-16F7-4668-BE54-9A1E7A4F7556}") = "Infrastructure", "Infrastructure\Infrastructure.csproj", "{D82BE6F2-F1CB-47B6-859A-740A352F36E4}"
EndProject
Project("{9A19103F-16F7-4668-BE54-9A1E7A4F7556}") = "WebUI", "WebUI\WebUI.csproj", "{F13C1CD1-90C4-4A2B-ABC5-37B6CBD793B1}"
EndProject
Global
	GlobalSection(SolutionConfigurationPlatforms) = preSolution
		Debug|Any CPU = Debug|Any CPU
		Release|Any CPU = Release|Any CPU
	EndGlobalSection
	GlobalSection(ProjectConfigurationPlatforms) = postSolution
		{31F5A380-A636-4375-B6BD-CB68257EAF1E}.Debug|Any CPU.ActiveCfg = Debug|Any CPU
		{31F5A380-A636-4375-B6BD-CB68257EAF1E}.Debug|Any CPU.Build.0 = Debug|Any CPU
		{31F5A380-A636-4375-B6BD-CB68257EAF1E}.Release|Any CPU.ActiveCfg = Release|Any CPU
		{31F5A380-A636-4375-B6BD-CB68257EAF1E}.Release|Any CPU.Build.0 = Release|Any CPU
		{FB3CF7D0-CEC9-4C9F-BF29-ECA8E93DCC89}.Debug|Any CPU.ActiveCfg = Debug|Any CPU
		{FB3CF7D0-CEC9-4C9F-BF29-ECA8E93DCC89}.Debug|Any CPU.Build.0 = Debug|Any CPU
		{FB3CF7D0-CEC9-4C9F-BF29-ECA8E93DCC89}.Release|Any CPU.ActiveCfg = Release|Any CPU
		{FB3CF7D0-CEC9-4C9F-BF29-ECA8E93DCC89}.Release|Any CPU.Build.0 = Release|Any CPU
		{D82BE6F2-F1CB-47B6-859A-740A352F36E4}.Debug|Any CPU.ActiveCfg = Debug|Any CPU
		{D82BE6F2-F1CB-47B6-859A-740A352F36E4}.Debug|Any CPU.Build.0 = Debug|Any CPU
		{D82BE6F2-F1CB-47B6-859A-740A352F36E4}.Release|Any CPU.ActiveCfg = Release|Any CPU
		{D82BE6F2-F1CB-47B6-859A-740A352F36E4}.Release|Any CPU.Build.0 = Release|Any CPU
		{F13C1CD1-90C4-4A2B-ABC5-37B6CBD793B1}.Debug|Any CPU.ActiveCfg = Debug|Any CPU
		{F13C1CD1-90C4-4A2B-ABC5-37B6CBD793B1}.Debug|Any CPU.Build.0 = Debug|Any CPU
		{F13C1CD1-90C4-4A2B-ABC5-37B6CBD793B1}.Release|Any CPU.ActiveCfg = Release|Any CPU
		{F13C1CD1-90C4-4A2B-ABC5-37B6CBD793B1}.Release|Any CPU.Build.0 = Release|Any CPU
	EndGlobalSection
	GlobalSection(SolutionProperties) = preSolution
		HideSolutionNode = FALSE
	EndGlobalSection
	GlobalSection(ExtensibilityGlobals) = postSolution
		SolutionGuid = {BBC29CFF-D840-4A6A-BD66-6AA14BEC4DEE}
	EndGlobalSection
EndGlobal
